// !$*UTF8*$!
{
	archiveVersion = 1;
	classes = {
	};
	objectVersion = 55;
	objects = {

/* Begin PBXBuildFile section */
		E51123E3285CF29E00E62E32 /* RecordingView.xib in Resources */ = {isa = PBXBuildFile; fileRef = E51123E2285CF29E00E62E32 /* RecordingView.xib */; };
		E51123E5285CF2B300E62E32 /* RecordingView.swift in Sources */ = {isa = PBXBuildFile; fileRef = E51123E4285CF2B300E62E32 /* RecordingView.swift */; };
		E51123E7285D291400E62E32 /* EnglishSearchViewController.swift in Sources */ = {isa = PBXBuildFile; fileRef = E51123E6285D291400E62E32 /* EnglishSearchViewController.swift */; };
		E571BB27285011120088787A /* AppDelegate.swift in Sources */ = {isa = PBXBuildFile; fileRef = E571BB26285011120088787A /* AppDelegate.swift */; };
		E571BB29285011120088787A /* SceneDelegate.swift in Sources */ = {isa = PBXBuildFile; fileRef = E571BB28285011120088787A /* SceneDelegate.swift */; };
		E571BB2B285011120088787A /* ViewController.swift in Sources */ = {isa = PBXBuildFile; fileRef = E571BB2A285011120088787A /* ViewController.swift */; };
		E571BB2E285011120088787A /* Main.storyboard in Resources */ = {isa = PBXBuildFile; fileRef = E571BB2C285011120088787A /* Main.storyboard */; };
		E571BB30285011150088787A /* Assets.xcassets in Resources */ = {isa = PBXBuildFile; fileRef = E571BB2F285011150088787A /* Assets.xcassets */; };
		E571BB33285011150088787A /* LaunchScreen.storyboard in Resources */ = {isa = PBXBuildFile; fileRef = E571BB31285011150088787A /* LaunchScreen.storyboard */; };
		E571BB3C2852DE3E0088787A /* SymbolItem.swift in Sources */ = {isa = PBXBuildFile; fileRef = E571BB3B2852DE3E0088787A /* SymbolItem.swift */; };
		E571BB3F2852DFC40088787A /* SectionHeaderViews.swift in Sources */ = {isa = PBXBuildFile; fileRef = E571BB3E2852DFC40088787A /* SectionHeaderViews.swift */; };
		E571BB422852E0380088787A /* TileCollectionViewCell.swift in Sources */ = {isa = PBXBuildFile; fileRef = E571BB412852E0380088787A /* TileCollectionViewCell.swift */; };
		E571BB442852E9410088787A /* LineView.swift in Sources */ = {isa = PBXBuildFile; fileRef = E571BB432852E9410088787A /* LineView.swift */; };
		E571BB462853120A0088787A /* PronunciationKind.swift in Sources */ = {isa = PBXBuildFile; fileRef = E571BB452853120A0088787A /* PronunciationKind.swift */; };
		E571BB48285318A20088787A /* Symbol.swift in Sources */ = {isa = PBXBuildFile; fileRef = E571BB47285318A20088787A /* Symbol.swift */; };
		E571BB4A2853F13E0088787A /* AudioManager.swift in Sources */ = {isa = PBXBuildFile; fileRef = E571BB492853F13E0088787A /* AudioManager.swift */; };
		E571BB4C2853FFD30088787A /* apple.mp3 in Resources */ = {isa = PBXBuildFile; fileRef = E571BB4B2853FFD30088787A /* apple.mp3 */; };
		E571BB4F285449B70088787A /* PhoneticDetailViewController.swift in Sources */ = {isa = PBXBuildFile; fileRef = E571BB4E285449B70088787A /* PhoneticDetailViewController.swift */; };
/* End PBXBuildFile section */

/* Begin PBXFileReference section */
		E51123E2285CF29E00E62E32 /* RecordingView.xib */ = {isa = PBXFileReference; lastKnownFileType = file.xib; path = RecordingView.xib; sourceTree = "<group>"; };
		E51123E4285CF2B300E62E32 /* RecordingView.swift */ = {isa = PBXFileReference; lastKnownFileType = sourcecode.swift; path = RecordingView.swift; sourceTree = "<group>"; };
		E51123E6285D291400E62E32 /* EnglishSearchViewController.swift */ = {isa = PBXFileReference; lastKnownFileType = sourcecode.swift; path = EnglishSearchViewController.swift; sourceTree = "<group>"; };
		E571BB23285011120088787A /* Phonetic Symbols.app */ = {isa = PBXFileReference; explicitFileType = wrapper.application; includeInIndex = 0; path = "Phonetic Symbols.app"; sourceTree = BUILT_PRODUCTS_DIR; };
		E571BB26285011120088787A /* AppDelegate.swift */ = {isa = PBXFileReference; lastKnownFileType = sourcecode.swift; path = AppDelegate.swift; sourceTree = "<group>"; };
		E571BB28285011120088787A /* SceneDelegate.swift */ = {isa = PBXFileReference; lastKnownFileType = sourcecode.swift; path = SceneDelegate.swift; sourceTree = "<group>"; };
		E571BB2A285011120088787A /* ViewController.swift */ = {isa = PBXFileReference; lastKnownFileType = sourcecode.swift; path = ViewController.swift; sourceTree = "<group>"; };
		E571BB2D285011120088787A /* Base */ = {isa = PBXFileReference; lastKnownFileType = file.storyboard; name = Base; path = Base.lproj/Main.storyboard; sourceTree = "<group>"; };
		E571BB2F285011150088787A /* Assets.xcassets */ = {isa = PBXFileReference; lastKnownFileType = folder.assetcatalog; path = Assets.xcassets; sourceTree = "<group>"; };
		E571BB32285011150088787A /* Base */ = {isa = PBXFileReference; lastKnownFileType = file.storyboard; name = Base; path = Base.lproj/LaunchScreen.storyboard; sourceTree = "<group>"; };
		E571BB34285011150088787A /* Info.plist */ = {isa = PBXFileReference; lastKnownFileType = text.plist.xml; path = Info.plist; sourceTree = "<group>"; };
		E571BB3B2852DE3E0088787A /* SymbolItem.swift */ = {isa = PBXFileReference; lastKnownFileType = sourcecode.swift; path = SymbolItem.swift; sourceTree = "<group>"; };
		E571BB3E2852DFC40088787A /* SectionHeaderViews.swift */ = {isa = PBXFileReference; lastKnownFileType = sourcecode.swift; path = SectionHeaderViews.swift; sourceTree = "<group>"; };
		E571BB412852E0380088787A /* TileCollectionViewCell.swift */ = {isa = PBXFileReference; lastKnownFileType = sourcecode.swift; path = TileCollectionViewCell.swift; sourceTree = "<group>"; };
		E571BB432852E9410088787A /* LineView.swift */ = {isa = PBXFileReference; lastKnownFileType = sourcecode.swift; path = LineView.swift; sourceTree = "<group>"; };
		E571BB452853120A0088787A /* PronunciationKind.swift */ = {isa = PBXFileReference; lastKnownFileType = sourcecode.swift; path = PronunciationKind.swift; sourceTree = "<group>"; };
		E571BB47285318A20088787A /* Symbol.swift */ = {isa = PBXFileReference; lastKnownFileType = sourcecode.swift; path = Symbol.swift; sourceTree = "<group>"; };
		E571BB492853F13E0088787A /* AudioManager.swift */ = {isa = PBXFileReference; lastKnownFileType = sourcecode.swift; path = AudioManager.swift; sourceTree = "<group>"; };
		E571BB4B2853FFD30088787A /* apple.mp3 */ = {isa = PBXFileReference; lastKnownFileType = audio.mp3; path = apple.mp3; sourceTree = "<group>"; };
		E571BB4E285449B70088787A /* PhoneticDetailViewController.swift */ = {isa = PBXFileReference; lastKnownFileType = sourcecode.swift; path = PhoneticDetailViewController.swift; sourceTree = "<group>"; };
/* End PBXFileReference section */

/* Begin PBXFrameworksBuildPhase section */
		E571BB20285011120088787A /* Frameworks */ = {
			isa = PBXFrameworksBuildPhase;
			buildActionMask = 2147483647;
			files = (
			);
			runOnlyForDeploymentPostprocessing = 0;
		};
/* End PBXFrameworksBuildPhase section */

/* Begin PBXGroup section */
		E571BB1A285011110088787A = {
			isa = PBXGroup;
			children = (
				E571BB25285011120088787A /* Phonetic Symbols */,
				E571BB24285011120088787A /* Products */,
			);
			sourceTree = "<group>";
		};
		E571BB24285011120088787A /* Products */ = {
			isa = PBXGroup;
			children = (
				E571BB23285011120088787A /* Phonetic Symbols.app */,
			);
			name = Products;
			sourceTree = "<group>";
		};
		E571BB25285011120088787A /* Phonetic Symbols */ = {
			isa = PBXGroup;
			children = (
				E571BB4D2854498D0088787A /* view Controller */,
				E571BB402852E0040088787A /* Cells */,
				E571BB3D2852DFA70088787A /* Supplementry Views */,
				E571BB3A2852DE120088787A /* Models */,
				E571BB26285011120088787A /* AppDelegate.swift */,
				E571BB28285011120088787A /* SceneDelegate.swift */,
				E571BB2C285011120088787A /* Main.storyboard */,
				E571BB2F285011150088787A /* Assets.xcassets */,
				E571BB4B2853FFD30088787A /* apple.mp3 */,
				E571BB31285011150088787A /* LaunchScreen.storyboard */,
				E571BB34285011150088787A /* Info.plist */,
				E571BB492853F13E0088787A /* AudioManager.swift */,
			);
			path = "Phonetic Symbols";
			sourceTree = "<group>";
		};
		E571BB3A2852DE120088787A /* Models */ = {
			isa = PBXGroup;
			children = (
				E571BB3B2852DE3E0088787A /* SymbolItem.swift */,
				E571BB452853120A0088787A /* PronunciationKind.swift */,
				E571BB47285318A20088787A /* Symbol.swift */,
			);
			path = Models;
			sourceTree = "<group>";
		};
		E571BB3D2852DFA70088787A /* Supplementry Views */ = {
			isa = PBXGroup;
			children = (
				E571BB3E2852DFC40088787A /* SectionHeaderViews.swift */,
				E571BB432852E9410088787A /* LineView.swift */,
				E51123E2285CF29E00E62E32 /* RecordingView.xib */,
				E51123E4285CF2B300E62E32 /* RecordingView.swift */,
			);
			path = "Supplementry Views";
			sourceTree = "<group>";
		};
		E571BB402852E0040088787A /* Cells */ = {
			isa = PBXGroup;
			children = (
				E571BB412852E0380088787A /* TileCollectionViewCell.swift */,
			);
			path = Cells;
			sourceTree = "<group>";
		};
		E571BB4D2854498D0088787A /* view Controller */ = {
			isa = PBXGroup;
			children = (
				E571BB2A285011120088787A /* ViewController.swift */,
				E571BB4E285449B70088787A /* PhoneticDetailViewController.swift */,
				E51123E6285D291400E62E32 /* EnglishSearchViewController.swift */,
			);
			path = "view Controller";
			sourceTree = "<group>";
		};
/* End PBXGroup section */

/* Begin PBXNativeTarget section */
		E571BB22285011120088787A /* Phonetic Symbols */ = {
			isa = PBXNativeTarget;
			buildConfigurationList = E571BB37285011150088787A /* Build configuration list for PBXNativeTarget "Phonetic Symbols" */;
			buildPhases = (
				E571BB1F285011120088787A /* Sources */,
				E571BB20285011120088787A /* Frameworks */,
				E571BB21285011120088787A /* Resources */,
			);
			buildRules = (
			);
			dependencies = (
			);
			name = "Phonetic Symbols";
			productName = "Phonetic Symbols";
			productReference = E571BB23285011120088787A /* Phonetic Symbols.app */;
			productType = "com.apple.product-type.application";
		};
/* End PBXNativeTarget section */

/* Begin PBXProject section */
		E571BB1B285011110088787A /* Project object */ = {
			isa = PBXProject;
			attributes = {
				BuildIndependentTargetsInParallel = 1;
				LastSwiftUpdateCheck = 1330;
				LastUpgradeCheck = 1330;
				TargetAttributes = {
					E571BB22285011120088787A = {
						CreatedOnToolsVersion = 13.3.1;
					};
				};
			};
			buildConfigurationList = E571BB1E285011110088787A /* Build configuration list for PBXProject "Phonetic Symbols" */;
			compatibilityVersion = "Xcode 13.0";
			developmentRegion = en;
			hasScannedForEncodings = 0;
			knownRegions = (
				en,
				Base,
			);
			mainGroup = E571BB1A285011110088787A;
			productRefGroup = E571BB24285011120088787A /* Products */;
			projectDirPath = "";
			projectRoot = "";
			targets = (
				E571BB22285011120088787A /* Phonetic Symbols */,
			);
		};
/* End PBXProject section */

/* Begin PBXResourcesBuildPhase section */
		E571BB21285011120088787A /* Resources */ = {
			isa = PBXResourcesBuildPhase;
			buildActionMask = 2147483647;
			files = (
				E571BB33285011150088787A /* LaunchScreen.storyboard in Resources */,
				E571BB4C2853FFD30088787A /* apple.mp3 in Resources */,
				E51123E3285CF29E00E62E32 /* RecordingView.xib in Resources */,
				E571BB30285011150088787A /* Assets.xcassets in Resources */,
				E571BB2E285011120088787A /* Main.storyboard in Resources */,
			);
			runOnlyForDeploymentPostprocessing = 0;
		};
/* End PBXResourcesBuildPhase section */

/* Begin PBXSourcesBuildPhase section */
		E571BB1F285011120088787A /* Sources */ = {
			isa = PBXSourcesBuildPhase;
			buildActionMask = 2147483647;
			files = (
				E571BB422852E0380088787A /* TileCollectionViewCell.swift in Sources */,
				E571BB462853120A0088787A /* PronunciationKind.swift in Sources */,
				E51123E5285CF2B300E62E32 /* RecordingView.swift in Sources */,
				E571BB4F285449B70088787A /* PhoneticDetailViewController.swift in Sources */,
				E571BB3C2852DE3E0088787A /* SymbolItem.swift in Sources */,
				E51123E7285D291400E62E32 /* EnglishSearchViewController.swift in Sources */,
				E571BB3F2852DFC40088787A /* SectionHeaderViews.swift in Sources */,
				E571BB2B285011120088787A /* ViewController.swift in Sources */,
				E571BB48285318A20088787A /* Symbol.swift in Sources */,
				E571BB27285011120088787A /* AppDelegate.swift in Sources */,
				E571BB442852E9410088787A /* LineView.swift in Sources */,
				E571BB4A2853F13E0088787A /* AudioManager.swift in Sources */,
				E571BB29285011120088787A /* SceneDelegate.swift in Sources */,
			);
			runOnlyForDeploymentPostprocessing = 0;
		};
/* End PBXSourcesBuildPhase section */

/* Begin PBXVariantGroup section */
		E571BB2C285011120088787A /* Main.storyboard */ = {
			isa = PBXVariantGroup;
			children = (
				E571BB2D285011120088787A /* Base */,
			);
			name = Main.storyboard;
			sourceTree = "<group>";
		};
		E571BB31285011150088787A /* LaunchScreen.storyboard */ = {
			isa = PBXVariantGroup;
			children = (
				E571BB32285011150088787A /* Base */,
			);
			name = LaunchScreen.storyboard;
			sourceTree = "<group>";
		};
/* End PBXVariantGroup section */

/* Begin XCBuildConfiguration section */
		E571BB35285011150088787A /* Debug */ = {
			isa = XCBuildConfiguration;
			buildSettings = {
				ALWAYS_SEARCH_USER_PATHS = NO;
				CLANG_ANALYZER_NONNULL = YES;
				CLANG_ANALYZER_NUMBER_OBJECT_CONVERSION = YES_AGGRESSIVE;
				CLANG_CXX_LANGUAGE_STANDARD = "gnu++17";
				CLANG_ENABLE_MODULES = YES;
				CLANG_ENABLE_OBJC_ARC = YES;
				CLANG_ENABLE_OBJC_WEAK = YES;
				CLANG_WARN_BLOCK_CAPTURE_AUTORELEASING = YES;
				CLANG_WARN_BOOL_CONVERSION = YES;
				CLANG_WARN_COMMA = YES;
				CLANG_WARN_CONSTANT_CONVERSION = YES;
				CLANG_WARN_DEPRECATED_OBJC_IMPLEMENTATIONS = YES;
				CLANG_WARN_DIRECT_OBJC_ISA_USAGE = YES_ERROR;
				CLANG_WARN_DOCUMENTATION_COMMENTS = YES;
				CLANG_WARN_EMPTY_BODY = YES;
				CLANG_WARN_ENUM_CONVERSION = YES;
				CLANG_WARN_INFINITE_RECURSION = YES;
				CLANG_WARN_INT_CONVERSION = YES;
				CLANG_WARN_NON_LITERAL_NULL_CONVERSION = YES;
				CLANG_WARN_OBJC_IMPLICIT_RETAIN_SELF = YES;
				CLANG_WARN_OBJC_LITERAL_CONVERSION = YES;
				CLANG_WARN_OBJC_ROOT_CLASS = YES_ERROR;
				CLANG_WARN_QUOTED_INCLUDE_IN_FRAMEWORK_HEADER = YES;
				CLANG_WARN_RANGE_LOOP_ANALYSIS = YES;
				CLANG_WARN_STRICT_PROTOTYPES = YES;
				CLANG_WARN_SUSPICIOUS_MOVE = YES;
				CLANG_WARN_UNGUARDED_AVAILABILITY = YES_AGGRESSIVE;
				CLANG_WARN_UNREACHABLE_CODE = YES;
				CLANG_WARN__DUPLICATE_METHOD_MATCH = YES;
				COPY_PHASE_STRIP = NO;
				DEBUG_INFORMATION_FORMAT = dwarf;
				ENABLE_STRICT_OBJC_MSGSEND = YES;
				ENABLE_TESTABILITY = YES;
				GCC_C_LANGUAGE_STANDARD = gnu11;
				GCC_DYNAMIC_NO_PIC = NO;
				GCC_NO_COMMON_BLOCKS = YES;
				GCC_OPTIMIZATION_LEVEL = 0;
				GCC_PREPROCESSOR_DEFINITIONS = (
					"DEBUG=1",
					"$(inherited)",
				);
				GCC_WARN_64_TO_32_BIT_CONVERSION = YES;
				GCC_WARN_ABOUT_RETURN_TYPE = YES_ERROR;
				GCC_WARN_UNDECLARED_SELECTOR = YES;
				GCC_WARN_UNINITIALIZED_AUTOS = YES_AGGRESSIVE;
				GCC_WARN_UNUSED_FUNCTION = YES;
				GCC_WARN_UNUSED_VARIABLE = YES;
				IPHONEOS_DEPLOYMENT_TARGET = 15.4;
				MTL_ENABLE_DEBUG_INFO = INCLUDE_SOURCE;
				MTL_FAST_MATH = YES;
				ONLY_ACTIVE_ARCH = YES;
				SDKROOT = iphoneos;
				SWIFT_ACTIVE_COMPILATION_CONDITIONS = DEBUG;
				SWIFT_OPTIMIZATION_LEVEL = "-Onone";
			};
			name = Debug;
		};
		E571BB36285011150088787A /* Release */ = {
			isa = XCBuildConfiguration;
			buildSettings = {
				ALWAYS_SEARCH_USER_PATHS = NO;
				CLANG_ANALYZER_NONNULL = YES;
				CLANG_ANALYZER_NUMBER_OBJECT_CONVERSION = YES_AGGRESSIVE;
				CLANG_CXX_LANGUAGE_STANDARD = "gnu++17";
				CLANG_ENABLE_MODULES = YES;
				CLANG_ENABLE_OBJC_ARC = YES;
				CLANG_ENABLE_OBJC_WEAK = YES;
				CLANG_WARN_BLOCK_CAPTURE_AUTORELEASING = YES;
				CLANG_WARN_BOOL_CONVERSION = YES;
				CLANG_WARN_COMMA = YES;
				CLANG_WARN_CONSTANT_CONVERSION = YES;
				CLANG_WARN_DEPRECATED_OBJC_IMPLEMENTATIONS = YES;
				CLANG_WARN_DIRECT_OBJC_ISA_USAGE = YES_ERROR;
				CLANG_WARN_DOCUMENTATION_COMMENTS = YES;
				CLANG_WARN_EMPTY_BODY = YES;
				CLANG_WARN_ENUM_CONVERSION = YES;
				CLANG_WARN_INFINITE_RECURSION = YES;
				CLANG_WARN_INT_CONVERSION = YES;
				CLANG_WARN_NON_LITERAL_NULL_CONVERSION = YES;
				CLANG_WARN_OBJC_IMPLICIT_RETAIN_SELF = YES;
				CLANG_WARN_OBJC_LITERAL_CONVERSION = YES;
				CLANG_WARN_OBJC_ROOT_CLASS = YES_ERROR;
				CLANG_WARN_QUOTED_INCLUDE_IN_FRAMEWORK_HEADER = YES;
				CLANG_WARN_RANGE_LOOP_ANALYSIS = YES;
				CLANG_WARN_STRICT_PROTOTYPES = YES;
				CLANG_WARN_SUSPICIOUS_MOVE = YES;
				CLANG_WARN_UNGUARDED_AVAILABILITY = YES_AGGRESSIVE;
				CLANG_WARN_UNREACHABLE_CODE = YES;
				CLANG_WARN__DUPLICATE_METHOD_MATCH = YES;
				COPY_PHASE_STRIP = NO;
				DEBUG_INFORMATION_FORMAT = "dwarf-with-dsym";
				ENABLE_NS_ASSERTIONS = NO;
				ENABLE_STRICT_OBJC_MSGSEND = YES;
				GCC_C_LANGUAGE_STANDARD = gnu11;
				GCC_NO_COMMON_BLOCKS = YES;
				GCC_WARN_64_TO_32_BIT_CONVERSION = YES;
				GCC_WARN_ABOUT_RETURN_TYPE = YES_ERROR;
				GCC_WARN_UNDECLARED_SELECTOR = YES;
				GCC_WARN_UNINITIALIZED_AUTOS = YES_AGGRESSIVE;
				GCC_WARN_UNUSED_FUNCTION = YES;
				GCC_WARN_UNUSED_VARIABLE = YES;
				IPHONEOS_DEPLOYMENT_TARGET = 15.4;
				MTL_ENABLE_DEBUG_INFO = NO;
				MTL_FAST_MATH = YES;
				SDKROOT = iphoneos;
				SWIFT_COMPILATION_MODE = wholemodule;
				SWIFT_OPTIMIZATION_LEVEL = "-O";
				VALIDATE_PRODUCT = YES;
			};
			name = Release;
		};
		E571BB38285011150088787A /* Debug */ = {
			isa = XCBuildConfiguration;
			buildSettings = {
				ASSETCATALOG_COMPILER_APPICON_NAME = AppIcon;
				ASSETCATALOG_COMPILER_GLOBAL_ACCENT_COLOR_NAME = AccentColor;
				CODE_SIGN_STYLE = Automatic;
				CURRENT_PROJECT_VERSION = 1;
				GENERATE_INFOPLIST_FILE = YES;
				INFOPLIST_FILE = "Phonetic Symbols/Info.plist";
				INFOPLIST_KEY_UIApplicationSupportsIndirectInputEvents = YES;
				INFOPLIST_KEY_UILaunchStoryboardName = LaunchScreen;
				INFOPLIST_KEY_UIMainStoryboardFile = Main;
				INFOPLIST_KEY_UISupportedInterfaceOrientations_iPad = "UIInterfaceOrientationPortrait UIInterfaceOrientationPortraitUpsideDown UIInterfaceOrientationLandscapeLeft UIInterfaceOrientationLandscapeRight";
				INFOPLIST_KEY_UISupportedInterfaceOrientations_iPhone = "UIInterfaceOrientationPortrait UIInterfaceOrientationLandscapeLeft UIInterfaceOrientationLandscapeRight";
				LD_RUNPATH_SEARCH_PATHS = (
					"$(inherited)",
					"@executable_path/Frameworks",
				);
				MARKETING_VERSION = 1.0;
				PRODUCT_BUNDLE_IDENTIFIER = "com.keijisuzuki.Phonetic-Symbols";
				PRODUCT_NAME = "$(TARGET_NAME)";
				SWIFT_EMIT_LOC_STRINGS = YES;
				SWIFT_VERSION = 5.0;
				TARGETED_DEVICE_FAMILY = "1,2";
			};
			name = Debug;
		};
		E571BB39285011150088787A /* Release */ = {
			isa = XCBuildConfiguration;
			buildSettings = {
				ASSETCATALOG_COMPILER_APPICON_NAME = AppIcon;
				ASSETCATALOG_COMPILER_GLOBAL_ACCENT_COLOR_NAME = AccentColor;
				CODE_SIGN_STYLE = Automatic;
				CURRENT_PROJECT_VERSION = 1;
				GENERATE_INFOPLIST_FILE = YES;
				INFOPLIST_FILE = "Phonetic Symbols/Info.plist";
				INFOPLIST_KEY_UIApplicationSupportsIndirectInputEvents = YES;
				INFOPLIST_KEY_UILaunchStoryboardName = LaunchScreen;
				INFOPLIST_KEY_UIMainStoryboardFile = Main;
				INFOPLIST_KEY_UISupportedInterfaceOrientations_iPad = "UIInterfaceOrientationPortrait UIInterfaceOrientationPortraitUpsideDown UIInterfaceOrientationLandscapeLeft UIInterfaceOrientationLandscapeRight";
				INFOPLIST_KEY_UISupportedInterfaceOrientations_iPhone = "UIInterfaceOrientationPortrait UIInterfaceOrientationLandscapeLeft UIInterfaceOrientationLandscapeRight";
				LD_RUNPATH_SEARCH_PATHS = (
					"$(inherited)",
					"@executable_path/Frameworks",
				);
				MARKETING_VERSION = 1.0;
				PRODUCT_BUNDLE_IDENTIFIER = "com.keijisuzuki.Phonetic-Symbols";
				PRODUCT_NAME = "$(TARGET_NAME)";
				SWIFT_EMIT_LOC_STRINGS = YES;
				SWIFT_VERSION = 5.0;
				TARGETED_DEVICE_FAMILY = "1,2";
			};
			name = Release;
		};
/* End XCBuildConfiguration section */

/* Begin XCConfigurationList section */
		E571BB1E285011110088787A /* Build configuration list for PBXProject "Phonetic Symbols" */ = {
			isa = XCConfigurationList;
			buildConfigurations = (
				E571BB35285011150088787A /* Debug */,
				E571BB36285011150088787A /* Release */,
			);
			defaultConfigurationIsVisible = 0;
			defaultConfigurationName = Release;
		};
		E571BB37285011150088787A /* Build configuration list for PBXNativeTarget "Phonetic Symbols" */ = {
			isa = XCConfigurationList;
			buildConfigurations = (
				E571BB38285011150088787A /* Debug */,
				E571BB39285011150088787A /* Release */,
			);
			defaultConfigurationIsVisible = 0;
			defaultConfigurationName = Release;
		};
/* End XCConfigurationList section */
	};
	rootObject = E571BB1B285011110088787A /* Project object */;
}
